PODS:
  - Alamofire (5.7.1)
  - BigInt (5.2.0)
  - CryptoSwift (1.5.1)
  - EFQRCode (6.2.1):
    - swift_qrcodejs (~> 2.2.2)
  - GetRouter (1.0.5)
  - HandyJSON (5.0.4-beta)
  - JFPopup (1.5.3):
    - JRBaseKit (~> 1.0.0)
  - JRBaseKit (1.0.0)
  - KeychainAccess (4.2.2)
  - SDWebImage (5.15.8):
    - SDWebImage/Core (= 5.15.8)
  - SDWebImage/Core (5.15.8)
  - secp256k1.c (0.1.2)
  - SnapKit (5.6.0)
  - Starscream (4.0.4)
  - SwiftProtobuf (1.21.0)
  - TrustWalletCore (3.1.35):
    - TrustWalletCore/Core (= 3.1.35)
  - TrustWalletCore/Core (3.1.35):
    - TrustWalletCore/Types
  - TrustWalletCore/Types (3.1.35):
    - SwiftProtobuf
  - Web3Core (3.1.2):
    - BigInt (~> 5.2.0)
    - CryptoSwift (~> 1.5.1)
    - secp256k1.c (~> 0.1)
  - web3swift (3.1.2):
    - Starscream (~> 4.0.4)
    - Web3Core (~> 3.1.2)

DEPENDENCIES:
  - Alamofire (~> 5.7.0)
  - EFQRCode (~> 6.2.1)
  - GetRouter (= 1.0.5)
  - HandyJSON (~> 5.0.4-beta)
  - JFPopup (= 1.5.3)
  - KeychainAccess (~> 4.2.2)
  - SDWebImage (~> 5.15.8)
  - SnapKit (~> 5.6.0)
  - TrustWalletCore (~> 3.1.35)
  - web3swift (~> 3.1.2)

SPEC REPOS:
  trunk:
    - Alamofire
    - BigInt
    - CryptoSwift
    - EFQRCode
    - GetRouter
    - HandyJSON
    - JFPopup
    - JRBaseKit
    - KeychainAccess
    - SDWebImage
    - secp256k1.c
    - SnapKit
    - Starscream
    - SwiftProtobuf
    - TrustWalletCore
    - Web3Core
    - web3swift

SPEC CHECKSUMS:
  Alamofire: 0123a34370cb170936ae79a8df46cc62b2edeb88
  BigInt: f668a80089607f521586bbe29513d708491ef2f7
  CryptoSwift: c4f2debceb38bf44c80659afe009f71e23e4a082
  EFQRCode: a4d39ec3466b68dffa71de3b5caef7c9ceefdc53
  GetRouter: 07a1257158a8fff0a277e53f693f2c0d2f71b9ad
  HandyJSON: a9c67202df97805a0ba4a00e30b50e9a30ac28f3
  JFPopup: 2b6ae1b160039f1ed07b2af742f3e438d7a49f27
  JRBaseKit: ed75cfce9e340a3316bee0eaac0fa1c400714287
  KeychainAccess: c0c4f7f38f6fc7bbe58f5702e25f7bd2f65abf51
  SDWebImage: cb032eba469c54e0000e78bcb0a13cdde0a52798
  secp256k1.c: db47b726585d80f027423682eb369729e61b3b20
  SnapKit: e01d52ebb8ddbc333eefe2132acf85c8227d9c25
  Starscream: 5178aed56b316f13fa3bc55694e583d35dd414d9
  SwiftProtobuf: afced68785854575756db965e9da52bbf3dc45e7
  TrustWalletCore: 188beb78722894c4cd4419ea30ef2dc793489401
  Web3Core: 050eb18f0434ac16c42eb7b2270fbce325935128
  web3swift: 8496f6615c3a1f86e7c9e5fe16c5422ef181527b

PODFILE CHECKSUM: 7a78bf85e8a74497d15ba4d297c727a07dee4c1b

COCOAPODS: 1.12.1
